
Microsoft Visual Studio Solution File, Format Version 12.00
# Visual Studio Version 16
VisualStudioVersion = 16.0.31205.134
MinimumVisualStudioVersion = 10.0.40219.1
Project("{FAE04EC0-301F-11D3-BF4B-00C04F79EFBC}") = "RailFence", "RailFence.csproj", "{AA9DBC40-85DB-4B02-B3A1-4742B5FF111B}"
EndProject
Global
	GlobalSection(SolutionConfigurationPlatforms) = preSolution
		Debug|Any CPU = Debug|Any CPU
		Release|Any CPU = Release|Any CPU
	EndGlobalSection
	GlobalSection(ProjectConfigurationPlatforms) = postSolution
		{AA9DBC40-85DB-4B02-B3A1-4742B5FF111B}.Debug|Any CPU.ActiveCfg = Debug|Any CPU
		{AA9DBC40-85DB-4B02-B3A1-4742B5FF111B}.Debug|Any CPU.Build.0 = Debug|Any CPU
		{AA9DBC40-85DB-4B02-B3A1-4742B5FF111B}.Release|Any CPU.ActiveCfg = Release|Any CPU
		{AA9DBC40-85DB-4B02-B3A1-4742B5FF111B}.Release|Any CPU.Build.0 = Release|Any CPU
	EndGlobalSection
	GlobalSection(SolutionProperties) = preSolution
		HideSolutionNode = FALSE
	EndGlobalSection
	GlobalSection(ExtensibilityGlobals) = postSolution
		SolutionGuid = {F57C7BD9-C897-43E5-85A1-5914BAA8B4CE}
	EndGlobalSection
EndGlobal
